hash: 77fdff5737d33e65dd1c3faf38bd39fdb32099bcfc5a23cf535ac30675f62351
updated: 2017-03-10T19:52:22.427782297-05:00
imports:
- name: github.com/ethereum/go-ethereum
  version: 5f55d95aea433ef97c48ae927835d833772350de
  subpackages:
  - accounts
  - common
  - core
  - core/state
  - core/types
  - core/vm
  - crypto
  - crypto/ecies
  - crypto/randentropy
  - crypto/secp256k1
  - crypto/sha3
  - ethdb
  - event
  - logger
  - logger/glog
  - metrics
  - params
  - pow
  - rlp
  - trie
- name: github.com/golang/snappy
  version: 799c780093d646c1b79d30894e22512c319fa137
- name: github.com/hashicorp/golang-lru
  version: a0d98a5f288019575c6d1f4bb1573fef2d1fcdc4
  subpackages:
  - simplelru
- name: github.com/pborman/uuid
  version: 0f1a46960a86dcdf5dd30d3e6568a497a997909f
- name: github.com/rcrowley/go-metrics
  version: 51425a2415d21afadfd55cd93432c0bc69e9598d
- name: github.com/rjeczalik/notify
  version: 5dd6205716539662f8f14ab513552b41eab69d5d
- name: github.com/syndtr/goleveldb
  version: 917f41c560270110ceb73c5b38be2a9127387071
  subpackages:
  - leveldb
  - leveldb/cache
  - leveldb/comparer
  - leveldb/errors
  - leveldb/filter
  - leveldb/iterator
  - leveldb/journal
  - leveldb/memdb
  - leveldb/opt
  - leveldb/storage
  - leveldb/table
  - leveldb/util
- name: golang.org/x/crypto
  version: 1f22c0103821b9390939b6776727195525381532
  subpackages:
  - pbkdf2
  - ripemd160
  - scrypt
- name: gopkg.in/fatih/set.v0
  version: 27c40922c40b43fe04554d8223a402af3ea333f3
- name: gopkg.in/karalabe/cookiejar.v2
  version: 8dcd6a7f4951f6ff3ee9cbb919a06d8925822e57
  subpackages:
  - collections/prque
- name: gopkg.in/urfave/cli.v1
  version: 0bdeddeeb0f650497d603c4ad7b20cfe685682f6
testImports: []
