# This file is autogenerated, do not edit; changes may be undone by the next 'dep ensure'.


[[projects]]
  digest = "1:3219c28f6cf3c9e2a7bcaf57cf8bbf7a0a609ba670694c403a86d6b5386be34c"
  name = "github.com/ethereum/go-ethereum"
  packages = [
    "accounts",
    "common",
    "core",
    "core/state",
    "core/types",
    "core/vm",
    "crypto",
    "crypto/ecies",
    "crypto/randentropy",
    "crypto/secp256k1",
    "crypto/sha3",
    "ethdb",
    "event",
    "logger",
    "logger/glog",
    "metrics",
    "params",
    "pow",
    "rlp",
    "trie",
  ]
  pruneopts = "T"
  revision = "5f55d95aea433ef97c48ae927835d833772350de"
  version = "v1.4.10"

[[projects]]
  digest = "1:f22f8c790420b7a6ef3934b4d205954f8fe3fb25dc381d21ab2611ff8237b3f7"
  name = "github.com/golang/snappy"
  packages = ["."]
  pruneopts = "T"
  revision = "799c780093d646c1b79d30894e22512c319fa137"

[[projects]]
  digest = "1:3f90d23757c18b1e07bf11494dbe737ee2c44d881c0f41e681611abdadad62fa"
  name = "github.com/hashicorp/golang-lru"
  packages = [
    ".",
    "simplelru",
  ]
  pruneopts = "T"
  revision = "a0d98a5f288019575c6d1f4bb1573fef2d1fcdc4"

[[projects]]
  digest = "1:0ac0af69bcb472eb27556c8b7d00e65d0b871d732e9f2301a01bbfa686190ae4"
  name = "github.com/pborman/uuid"
  packages = ["."]
  pruneopts = "T"
  revision = "0f1a46960a86dcdf5dd30d3e6568a497a997909f"

[[projects]]
  digest = "1:d0fff162c37d0e803cb7d774be508539e2ea8cd0808aedf5c0c45e5ed479b035"
  name = "github.com/rcrowley/go-metrics"
  packages = ["."]
  pruneopts = "T"
  revision = "51425a2415d21afadfd55cd93432c0bc69e9598d"

[[projects]]
  digest = "1:9787d2d3220cbfd444596afd03ab0abcf391df169b789fbe3eae27fa2e426cf6"
  name = "github.com/rjeczalik/notify"
  packages = ["."]
  pruneopts = "T"
  revision = "69d839f37b13a8cb7a78366f7633a4071cb43be7"
  version = "v0.9.2"

[[projects]]
  digest = "1:ca7a4ca98a1307c7765a4f084d0157194b19a576c7f859261f6b5e88c55243d1"
  name = "github.com/syndtr/goleveldb"
  packages = [
    "leveldb",
    "leveldb/cache",
    "leveldb/comparer",
    "leveldb/errors",
    "leveldb/filter",
    "leveldb/iterator",
    "leveldb/journal",
    "leveldb/memdb",
    "leveldb/opt",
    "leveldb/storage",
    "leveldb/table",
    "leveldb/util",
  ]
  pruneopts = "T"
  revision = "917f41c560270110ceb73c5b38be2a9127387071"

[[projects]]
  digest = "1:0f2b2cb9f84318c0f71fed3087ff9ac370370f842469b71b00348c3d72a19b44"
  name = "golang.org/x/crypto"
  packages = [
    "pbkdf2",
    "ripemd160",
    "scrypt",
  ]
  pruneopts = "T"
  revision = "1f22c0103821b9390939b6776727195525381532"

[[projects]]
  branch = "master"
  digest = "1:66f62c4eb8f33e5fd6d21bb714e90bbea02cdeee4a4c90d819cfe30a23c87676"
  name = "golang.org/x/sys"
  packages = ["unix"]
  pruneopts = "T"
  revision = "9a3f9b0469bbc6b8802087ae5c0af9f61502de01"

[[projects]]
  digest = "1:a8e4f791273524997b84c571d9488263cc9a1dfb1ec6ca5395c49cbcd843ed05"
  name = "gopkg.in/fatih/set.v0"
  packages = ["."]
  pruneopts = "T"
  revision = "27c40922c40b43fe04554d8223a402af3ea333f3"

[[projects]]
  branch = "v2"
  digest = "1:dae137be246befa42ce4b48c0feff2c5796b8a5027139a283f31a21173744410"
  name = "gopkg.in/karalabe/cookiejar.v2"
  packages = ["collections/prque"]
  pruneopts = "T"
  revision = "8dcd6a7f4951f6ff3ee9cbb919a06d8925822e57"

[[projects]]
  digest = "1:f577edb908ab582a1fee017fb896f88f45176dee07f32d9da8e0b6c22f4aa7d2"
  name = "gopkg.in/urfave/cli.v1"
  packages = ["."]
  pruneopts = "T"
  revision = "0bdeddeeb0f650497d603c4ad7b20cfe685682f6"
  version = "v1.19.1"

[solve-meta]
  analyzer-name = "dep"
  analyzer-version = 1
  input-imports = [
    "github.com/ethereum/go-ethereum/common",
    "github.com/ethereum/go-ethereum/core",
    "github.com/ethereum/go-ethereum/core/state",
    "github.com/ethereum/go-ethereum/core/types",
    "github.com/ethereum/go-ethereum/core/vm",
    "github.com/ethereum/go-ethereum/ethdb",
    "github.com/ethereum/go-ethereum/event",
    "github.com/ethereum/go-ethereum/logger/glog",
    "gopkg.in/urfave/cli.v1",
  ]
  solver-name = "gps-cdcl"
  solver-version = 1
