# This file is autogenerated, do not edit; changes may be undone by the next 'dep ensure'.


[[projects]]
  digest = "1:3219c28f6cf3c9e2a7bcaf57cf8bbf7a0a609ba670694c403a86d6b5386be34c"
  name = "github.com/ethereum/go-ethereum"
  packages = [
    "accounts",
    "common",
    "core",
    "core/state",
    "core/types",
    "core/vm",
    "crypto",
    "crypto/ecies",
    "crypto/randentropy",
    "crypto/secp256k1",
    "crypto/sha3",
    "ethdb",
    "event",
    "logger",
    "logger/glog",
    "metrics",
    "params",
    "pow",
    "rlp",
    "trie",
  ]
  pruneopts = "T"
  revision = "5f55d95aea433ef97c48ae927835d833772350de"
  version = "v1.4.10"

[[projects]]
  branch = "master"
  digest = "1:6027b20c168728321bd99ad01f35118eded457b01c03e647a84833ab331f2f5b"
  name = "github.com/golang/snappy"
  packages = ["."]
  pruneopts = "T"
  revision = "2e65f85255dbc3072edf28d6b5b8efc472979f5a"

[[projects]]
  digest = "1:236d7e1bdb50d8f68559af37dbcf9d142d56b431c9b2176d41e2a009b664cda8"
  name = "github.com/google/uuid"
  packages = ["."]
  pruneopts = "T"
  revision = "9b3b1e0f5f99ae461456d768e7d301a7acdaa2d8"
  version = "v1.1.0"

[[projects]]
  digest = "1:8ec8d88c248041a6df5f6574b87bc00e7e0b493881dad2e7ef47b11dc69093b5"
  name = "github.com/hashicorp/golang-lru"
  packages = [
    ".",
    "simplelru",
  ]
  pruneopts = "T"
  revision = "20f1fb78b0740ba8c3cb143a61e86ba5c8669768"
  version = "v0.5.0"

[[projects]]
  digest = "1:e5d0bd87abc2781d14e274807a470acd180f0499f8bf5bb18606e9ec22ad9de9"
  name = "github.com/pborman/uuid"
  packages = ["."]
  pruneopts = "T"
  revision = "adf5a7427709b9deb95d29d3fa8a2bf9cfd388f1"
  version = "v1.2"

[[projects]]
  branch = "master"
  digest = "1:4e1e0e562188a53d5301f2ce0590c1de08ec8820f508fc25cac37ea439e6a914"
  name = "github.com/rcrowley/go-metrics"
  packages = ["."]
  pruneopts = "T"
  revision = "3113b8401b8a98917cde58f8bbd42a1b1c03b1fd"

[[projects]]
  digest = "1:9787d2d3220cbfd444596afd03ab0abcf391df169b789fbe3eae27fa2e426cf6"
  name = "github.com/rjeczalik/notify"
  packages = ["."]
  pruneopts = "T"
  revision = "69d839f37b13a8cb7a78366f7633a4071cb43be7"
  version = "v0.9.2"

[[projects]]
  branch = "master"
  digest = "1:7b17050757aaa2f52fcc582125d7abaf5fc2ff273bf023da0c4f98e6f2ebed5f"
  name = "github.com/syndtr/goleveldb"
  packages = [
    "leveldb",
    "leveldb/cache",
    "leveldb/comparer",
    "leveldb/errors",
    "leveldb/filter",
    "leveldb/iterator",
    "leveldb/journal",
    "leveldb/memdb",
    "leveldb/opt",
    "leveldb/storage",
    "leveldb/table",
    "leveldb/util",
  ]
  pruneopts = "T"
  revision = "b001fa50d6b27f3f0bb175a87d0cb55426d0a0ae"

[[projects]]
  branch = "master"
  digest = "1:5f6a40f74aa9639cfcdaccb526d14a6a7c18900ea8f339416a43a580beb32c34"
  name = "golang.org/x/crypto"
  packages = [
    "pbkdf2",
    "ripemd160",
    "scrypt",
  ]
  pruneopts = "T"
  revision = "ff983b9c42bc9fbf91556e191cc8efb585c16908"

[[projects]]
  branch = "master"
  digest = "1:e0ec4d3e142d98932b3063b804ba2451123d9b66387c5d336014b1149c7c72b8"
  name = "golang.org/x/sys"
  packages = ["unix"]
  pruneopts = "T"
  revision = "82a175fd1598e8a172e58ebdf5ed262bb29129e5"

[[projects]]
  digest = "1:3ccd10c863188cfe0d936fcfe6a055c95362e43af8e7039e33baade846928e74"
  name = "gopkg.in/fatih/set.v0"
  packages = ["."]
  pruneopts = "T"
  revision = "57907de300222151a123d29255ed17f5ed43fad3"
  source = "github.com/fatih/set"
  version = "v0.1.0"

[[projects]]
  branch = "v2"
  digest = "1:dae137be246befa42ce4b48c0feff2c5796b8a5027139a283f31a21173744410"
  name = "gopkg.in/karalabe/cookiejar.v2"
  packages = ["collections/prque"]
  pruneopts = "T"
  revision = "8dcd6a7f4951f6ff3ee9cbb919a06d8925822e57"

[[projects]]
  digest = "1:a4ef215bd846f9407d095f526879cb232330e1e7a748c70e384f775a6a64fd3e"
  name = "gopkg.in/urfave/cli.v1"
  packages = ["."]
  pruneopts = "T"
  revision = "cfb38830724cc34fedffe9a2a29fb54fa9169cd1"
  version = "v1.20.0"

[solve-meta]
  analyzer-name = "dep"
  analyzer-version = 1
  input-imports = [
    "github.com/ethereum/go-ethereum/common",
    "github.com/ethereum/go-ethereum/core",
    "github.com/ethereum/go-ethereum/core/state",
    "github.com/ethereum/go-ethereum/core/types",
    "github.com/ethereum/go-ethereum/core/vm",
    "github.com/ethereum/go-ethereum/ethdb",
    "github.com/ethereum/go-ethereum/event",
    "github.com/ethereum/go-ethereum/logger/glog",
    "gopkg.in/urfave/cli.v1",
  ]
  solver-name = "gps-cdcl"
  solver-version = 1
